
Microsoft Visual Studio Solution File, Format Version 12.00
# Visual Studio Version 17
VisualStudioVersion = 17.5.002.0
MinimumVisualStudioVersion = 10.0.40219.1
Project("{9A19103F-16F7-4668-BE54-9A1E7A4F7556}") = "Catalogo_Libros", "Catalogo_Libros.csproj", "{BC7918C8-8C07-4139-848F-0BFDE07CACF1}"
EndProject
Global
	GlobalSection(SolutionConfigurationPlatforms) = preSolution
		Debug|Any CPU = Debug|Any CPU
		Release|Any CPU = Release|Any CPU
	EndGlobalSection
	GlobalSection(ProjectConfigurationPlatforms) = postSolution
		{BC7918C8-8C07-4139-848F-0BFDE07CACF1}.Debug|Any CPU.ActiveCfg = Debug|Any CPU
		{BC7918C8-8C07-4139-848F-0BFDE07CACF1}.Debug|Any CPU.Build.0 = Debug|Any CPU
		{BC7918C8-8C07-4139-848F-0BFDE07CACF1}.Release|Any CPU.ActiveCfg = Release|Any CPU
		{BC7918C8-8C07-4139-848F-0BFDE07CACF1}.Release|Any CPU.Build.0 = Release|Any CPU
	EndGlobalSection
	GlobalSection(SolutionProperties) = preSolution
		HideSolutionNode = FALSE
	EndGlobalSection
	GlobalSection(ExtensibilityGlobals) = postSolution
		SolutionGuid = {4EE62437-2765-4E54-A174-32500D4B5519}
	EndGlobalSection
EndGlobal
